
Microsoft Visual Studio Solution File, Format Version 12.00
# Visual Studio 15
VisualStudioVersion = 15.0.27703.2026
MinimumVisualStudioVersion = 10.0.40219.1
Project("{8BC9CEB8-8B4A-11D0-8D11-00A0C91BC942}") = "0026. Remove Duplicates from Sorted Array", "0026. Remove Duplicates from Sorted Array\0026. Remove Duplicates from Sorted Array.vcxproj", "{2323EB3C-FAC8-46C0-928D-9379B4CBE660}"
EndProject
Project("{8BC9CEB8-8B4A-11D0-8D11-00A0C91BC942}") = "0122. Best Time to Buy and Sell Stock II", "0122. Best Time to Buy and Sell Stock II\0122. Best Time to Buy and Sell Stock II.vcxproj", "{3B66F3A4-F876-4045-8A87-F97F653C4234}"
EndProject
Project("{8BC9CEB8-8B4A-11D0-8D11-00A0C91BC942}") = "0189. Rotate Array", "0189. Rotate Array\0189. Rotate Array.vcxproj", "{7B2D681F-6995-493D-BB9C-5F7262D63599}"
EndProject
Project("{8BC9CEB8-8B4A-11D0-8D11-00A0C91BC942}") = "0217. Contains Duplicate", "0217. Contains Duplicate\0217. Contains Duplicate.vcxproj", "{DAD1B6C2-C0D1-4B00-AA69-50CCCAAF2541}"
EndProject
Project("{2150E333-8FDC-42A3-9474-1A3956D46DE8}") = "Solution Items", "Solution Items", "{4C06DC4D-D922-4C11-89D3-F16E70F805F9}"
	ProjectSection(SolutionItems) = preProject
		README.md = README.md
	EndProjectSection
EndProject
Project("{8BC9CEB8-8B4A-11D0-8D11-00A0C91BC942}") = "0136. Single Number", "0136. Single Number\0136. Single Number.vcxproj", "{3FB6DE5F-CD38-4125-AC04-EADD7CDDE31C}"
EndProject
Global
	GlobalSection(SolutionConfigurationPlatforms) = preSolution
		Debug|x64 = Debug|x64
		Debug|x86 = Debug|x86
		Release|x64 = Release|x64
		Release|x86 = Release|x86
	EndGlobalSection
	GlobalSection(ProjectConfigurationPlatforms) = postSolution
		{2323EB3C-FAC8-46C0-928D-9379B4CBE660}.Debug|x64.ActiveCfg = Debug|x64
		{2323EB3C-FAC8-46C0-928D-9379B4CBE660}.Debug|x64.Build.0 = Debug|x64
		{2323EB3C-FAC8-46C0-928D-9379B4CBE660}.Debug|x86.ActiveCfg = Debug|Win32
		{2323EB3C-FAC8-46C0-928D-9379B4CBE660}.Debug|x86.Build.0 = Debug|Win32
		{2323EB3C-FAC8-46C0-928D-9379B4CBE660}.Release|x64.ActiveCfg = Release|x64
		{2323EB3C-FAC8-46C0-928D-9379B4CBE660}.Release|x64.Build.0 = Release|x64
		{2323EB3C-FAC8-46C0-928D-9379B4CBE660}.Release|x86.ActiveCfg = Release|Win32
		{2323EB3C-FAC8-46C0-928D-9379B4CBE660}.Release|x86.Build.0 = Release|Win32
		{3B66F3A4-F876-4045-8A87-F97F653C4234}.Debug|x64.ActiveCfg = Debug|x64
		{3B66F3A4-F876-4045-8A87-F97F653C4234}.Debug|x64.Build.0 = Debug|x64
		{3B66F3A4-F876-4045-8A87-F97F653C4234}.Debug|x86.ActiveCfg = Debug|Win32
		{3B66F3A4-F876-4045-8A87-F97F653C4234}.Debug|x86.Build.0 = Debug|Win32
		{3B66F3A4-F876-4045-8A87-F97F653C4234}.Release|x64.ActiveCfg = Release|x64
		{3B66F3A4-F876-4045-8A87-F97F653C4234}.Release|x64.Build.0 = Release|x64
		{3B66F3A4-F876-4045-8A87-F97F653C4234}.Release|x86.ActiveCfg = Release|Win32
		{3B66F3A4-F876-4045-8A87-F97F653C4234}.Release|x86.Build.0 = Release|Win32
		{7B2D681F-6995-493D-BB9C-5F7262D63599}.Debug|x64.ActiveCfg = Debug|x64
		{7B2D681F-6995-493D-BB9C-5F7262D63599}.Debug|x64.Build.0 = Debug|x64
		{7B2D681F-6995-493D-BB9C-5F7262D63599}.Debug|x86.ActiveCfg = Debug|Win32
		{7B2D681F-6995-493D-BB9C-5F7262D63599}.Debug|x86.Build.0 = Debug|Win32
		{7B2D681F-6995-493D-BB9C-5F7262D63599}.Release|x64.ActiveCfg = Release|x64
		{7B2D681F-6995-493D-BB9C-5F7262D63599}.Release|x64.Build.0 = Release|x64
		{7B2D681F-6995-493D-BB9C-5F7262D63599}.Release|x86.ActiveCfg = Release|Win32
		{7B2D681F-6995-493D-BB9C-5F7262D63599}.Release|x86.Build.0 = Release|Win32
		{DAD1B6C2-C0D1-4B00-AA69-50CCCAAF2541}.Debug|x64.ActiveCfg = Debug|x64
		{DAD1B6C2-C0D1-4B00-AA69-50CCCAAF2541}.Debug|x64.Build.0 = Debug|x64
		{DAD1B6C2-C0D1-4B00-AA69-50CCCAAF2541}.Debug|x86.ActiveCfg = Debug|Win32
		{DAD1B6C2-C0D1-4B00-AA69-50CCCAAF2541}.Debug|x86.Build.0 = Debug|Win32
		{DAD1B6C2-C0D1-4B00-AA69-50CCCAAF2541}.Release|x64.ActiveCfg = Release|x64
		{DAD1B6C2-C0D1-4B00-AA69-50CCCAAF2541}.Release|x64.Build.0 = Release|x64
		{DAD1B6C2-C0D1-4B00-AA69-50CCCAAF2541}.Release|x86.ActiveCfg = Release|Win32
		{DAD1B6C2-C0D1-4B00-AA69-50CCCAAF2541}.Release|x86.Build.0 = Release|Win32
		{3FB6DE5F-CD38-4125-AC04-EADD7CDDE31C}.Debug|x64.ActiveCfg = Debug|x64
		{3FB6DE5F-CD38-4125-AC04-EADD7CDDE31C}.Debug|x64.Build.0 = Debug|x64
		{3FB6DE5F-CD38-4125-AC04-EADD7CDDE31C}.Debug|x86.ActiveCfg = Debug|Win32
		{3FB6DE5F-CD38-4125-AC04-EADD7CDDE31C}.Debug|x86.Build.0 = Debug|Win32
		{3FB6DE5F-CD38-4125-AC04-EADD7CDDE31C}.Release|x64.ActiveCfg = Release|x64
		{3FB6DE5F-CD38-4125-AC04-EADD7CDDE31C}.Release|x64.Build.0 = Release|x64
		{3FB6DE5F-CD38-4125-AC04-EADD7CDDE31C}.Release|x86.ActiveCfg = Release|Win32
		{3FB6DE5F-CD38-4125-AC04-EADD7CDDE31C}.Release|x86.Build.0 = Release|Win32
	EndGlobalSection
	GlobalSection(SolutionProperties) = preSolution
		HideSolutionNode = FALSE
	EndGlobalSection
	GlobalSection(ExtensibilityGlobals) = postSolution
		SolutionGuid = {E0F4A3E2-35E1-4C36-AFF1-CFCE59961321}
	EndGlobalSection
EndGlobal
