
Microsoft Visual Studio Solution File, Format Version 12.00
# Visual Studio 15
VisualStudioVersion = 15.0.27703.2026
MinimumVisualStudioVersion = 10.0.40219.1
Project("{8BC9CEB8-8B4A-11D0-8D11-00A0C91BC942}") = "0026. Remove Duplicates from Sorted Array", "0026. Remove Duplicates from Sorted Array\0026. Remove Duplicates from Sorted Array.vcxproj", "{2323EB3C-FAC8-46C0-928D-9379B4CBE660}"
EndProject
Project("{8BC9CEB8-8B4A-11D0-8D11-00A0C91BC942}") = "0122. Best Time to Buy and Sell Stock II", "0122. Best Time to Buy and Sell Stock II\0122. Best Time to Buy and Sell Stock II.vcxproj", "{3B66F3A4-F876-4045-8A87-F97F653C4234}"
EndProject
Project("{8BC9CEB8-8B4A-11D0-8D11-00A0C91BC942}") = "0189. Rotate Array", "0189. Rotate Array\0189. Rotate Array.vcxproj", "{7B2D681F-6995-493D-BB9C-5F7262D63599}"
EndProject
Project("{8BC9CEB8-8B4A-11D0-8D11-00A0C91BC942}") = "0217. Contains Duplicate", "0217. Contains Duplicate\0217. Contains Duplicate.vcxproj", "{DAD1B6C2-C0D1-4B00-AA69-50CCCAAF2541}"
EndProject
Project("{2150E333-8FDC-42A3-9474-1A3956D46DE8}") = "Solution Items", "Solution Items", "{4C06DC4D-D922-4C11-89D3-F16E70F805F9}"
	ProjectSection(SolutionItems) = preProject
		README.md = README.md
	EndProjectSection
EndProject
Project("{8BC9CEB8-8B4A-11D0-8D11-00A0C91BC942}") = "0136. Single Number", "0136. Single Number\0136. Single Number.vcxproj", "{3FB6DE5F-CD38-4125-AC04-EADD7CDDE31C}"
EndProject
Project("{8BC9CEB8-8B4A-11D0-8D11-00A0C91BC942}") = "0350. Intersection of Two Arrays II", "0350. Intersection of Two Arrays II\0350. Intersection of Two Arrays II.vcxproj", "{E46FC7DD-79CD-4869-9642-1F10920B4D13}"
EndProject
Project("{8BC9CEB8-8B4A-11D0-8D11-00A0C91BC942}") = "0066. Plus One", "0066. Plus One\0066. Plus One.vcxproj", "{15742755-59EA-4EF7-BAA3-ED44E4C324A5}"
EndProject
Project("{8BC9CEB8-8B4A-11D0-8D11-00A0C91BC942}") = "0283. Move Zeroes", "0283. Move Zeroes\0283. Move Zeroes.vcxproj", "{FD239D17-4A1A-4B8A-9D34-28643A8EB058}"
EndProject
Project("{8BC9CEB8-8B4A-11D0-8D11-00A0C91BC942}") = "0001. Two Sum", "0001. Two Sum\0001. Two Sum.vcxproj", "{591E3A90-14CC-4A67-B109-18885D326419}"
EndProject
Project("{8BC9CEB8-8B4A-11D0-8D11-00A0C91BC942}") = "0036. Valid Sudoku", "0036. Valid Sudoku\0036. Valid Sudoku.vcxproj", "{F0CF17C1-FF5A-44FD-AE02-26DB5C860763}"
EndProject
Project("{8BC9CEB8-8B4A-11D0-8D11-00A0C91BC942}") = "0048. Rotate Image", "0048. Rotate Image\0048. Rotate Image.vcxproj", "{576FE53C-A46A-4A10-826F-D97978C073AC}"
EndProject
Project("{8BC9CEB8-8B4A-11D0-8D11-00A0C91BC942}") = "0344. Reverse String", "0344. Reverse String\0344. Reverse String.vcxproj", "{F9494847-99D2-4EB5-AD1A-A89793112BE6}"
EndProject
Project("{8BC9CEB8-8B4A-11D0-8D11-00A0C91BC942}") = "0007. Reverse Integer", "0007. Reverse Integer\0007. Reverse Integer.vcxproj", "{A7557D58-D874-49D0-82EE-7241069D4E82}"
EndProject
Project("{8BC9CEB8-8B4A-11D0-8D11-00A0C91BC942}") = "0125. Valid Palindrome", "0125. Valid Palindrome\0125. Valid Palindrome.vcxproj", "{04321B0D-3E43-48D4-B14F-E04383C97762}"
EndProject
Project("{8BC9CEB8-8B4A-11D0-8D11-00A0C91BC942}") = "0008. String to Integer", "0008. String to Integer\0008. String to Integer.vcxproj", "{3BA9E705-90E3-40EF-B68E-30AEC76408FB}"
EndProject
Global
	GlobalSection(SolutionConfigurationPlatforms) = preSolution
		Debug|x64 = Debug|x64
		Debug|x86 = Debug|x86
		Release|x64 = Release|x64
		Release|x86 = Release|x86
	EndGlobalSection
	GlobalSection(ProjectConfigurationPlatforms) = postSolution
		{2323EB3C-FAC8-46C0-928D-9379B4CBE660}.Debug|x64.ActiveCfg = Debug|x64
		{2323EB3C-FAC8-46C0-928D-9379B4CBE660}.Debug|x64.Build.0 = Debug|x64
		{2323EB3C-FAC8-46C0-928D-9379B4CBE660}.Debug|x86.ActiveCfg = Debug|Win32
		{2323EB3C-FAC8-46C0-928D-9379B4CBE660}.Debug|x86.Build.0 = Debug|Win32
		{2323EB3C-FAC8-46C0-928D-9379B4CBE660}.Release|x64.ActiveCfg = Release|x64
		{2323EB3C-FAC8-46C0-928D-9379B4CBE660}.Release|x64.Build.0 = Release|x64
		{2323EB3C-FAC8-46C0-928D-9379B4CBE660}.Release|x86.ActiveCfg = Release|Win32
		{2323EB3C-FAC8-46C0-928D-9379B4CBE660}.Release|x86.Build.0 = Release|Win32
		{3B66F3A4-F876-4045-8A87-F97F653C4234}.Debug|x64.ActiveCfg = Debug|x64
		{3B66F3A4-F876-4045-8A87-F97F653C4234}.Debug|x64.Build.0 = Debug|x64
		{3B66F3A4-F876-4045-8A87-F97F653C4234}.Debug|x86.ActiveCfg = Debug|Win32
		{3B66F3A4-F876-4045-8A87-F97F653C4234}.Debug|x86.Build.0 = Debug|Win32
		{3B66F3A4-F876-4045-8A87-F97F653C4234}.Release|x64.ActiveCfg = Release|x64
		{3B66F3A4-F876-4045-8A87-F97F653C4234}.Release|x64.Build.0 = Release|x64
		{3B66F3A4-F876-4045-8A87-F97F653C4234}.Release|x86.ActiveCfg = Release|Win32
		{3B66F3A4-F876-4045-8A87-F97F653C4234}.Release|x86.Build.0 = Release|Win32
		{7B2D681F-6995-493D-BB9C-5F7262D63599}.Debug|x64.ActiveCfg = Debug|x64
		{7B2D681F-6995-493D-BB9C-5F7262D63599}.Debug|x64.Build.0 = Debug|x64
		{7B2D681F-6995-493D-BB9C-5F7262D63599}.Debug|x86.ActiveCfg = Debug|Win32
		{7B2D681F-6995-493D-BB9C-5F7262D63599}.Debug|x86.Build.0 = Debug|Win32
		{7B2D681F-6995-493D-BB9C-5F7262D63599}.Release|x64.ActiveCfg = Release|x64
		{7B2D681F-6995-493D-BB9C-5F7262D63599}.Release|x64.Build.0 = Release|x64
		{7B2D681F-6995-493D-BB9C-5F7262D63599}.Release|x86.ActiveCfg = Release|Win32
		{7B2D681F-6995-493D-BB9C-5F7262D63599}.Release|x86.Build.0 = Release|Win32
		{DAD1B6C2-C0D1-4B00-AA69-50CCCAAF2541}.Debug|x64.ActiveCfg = Debug|x64
		{DAD1B6C2-C0D1-4B00-AA69-50CCCAAF2541}.Debug|x64.Build.0 = Debug|x64
		{DAD1B6C2-C0D1-4B00-AA69-50CCCAAF2541}.Debug|x86.ActiveCfg = Debug|Win32
		{DAD1B6C2-C0D1-4B00-AA69-50CCCAAF2541}.Debug|x86.Build.0 = Debug|Win32
		{DAD1B6C2-C0D1-4B00-AA69-50CCCAAF2541}.Release|x64.ActiveCfg = Release|x64
		{DAD1B6C2-C0D1-4B00-AA69-50CCCAAF2541}.Release|x64.Build.0 = Release|x64
		{DAD1B6C2-C0D1-4B00-AA69-50CCCAAF2541}.Release|x86.ActiveCfg = Release|Win32
		{DAD1B6C2-C0D1-4B00-AA69-50CCCAAF2541}.Release|x86.Build.0 = Release|Win32
		{3FB6DE5F-CD38-4125-AC04-EADD7CDDE31C}.Debug|x64.ActiveCfg = Debug|x64
		{3FB6DE5F-CD38-4125-AC04-EADD7CDDE31C}.Debug|x64.Build.0 = Debug|x64
		{3FB6DE5F-CD38-4125-AC04-EADD7CDDE31C}.Debug|x86.ActiveCfg = Debug|Win32
		{3FB6DE5F-CD38-4125-AC04-EADD7CDDE31C}.Debug|x86.Build.0 = Debug|Win32
		{3FB6DE5F-CD38-4125-AC04-EADD7CDDE31C}.Release|x64.ActiveCfg = Release|x64
		{3FB6DE5F-CD38-4125-AC04-EADD7CDDE31C}.Release|x64.Build.0 = Release|x64
		{3FB6DE5F-CD38-4125-AC04-EADD7CDDE31C}.Release|x86.ActiveCfg = Release|Win32
		{3FB6DE5F-CD38-4125-AC04-EADD7CDDE31C}.Release|x86.Build.0 = Release|Win32
		{E46FC7DD-79CD-4869-9642-1F10920B4D13}.Debug|x64.ActiveCfg = Debug|x64
		{E46FC7DD-79CD-4869-9642-1F10920B4D13}.Debug|x64.Build.0 = Debug|x64
		{E46FC7DD-79CD-4869-9642-1F10920B4D13}.Debug|x86.ActiveCfg = Debug|Win32
		{E46FC7DD-79CD-4869-9642-1F10920B4D13}.Debug|x86.Build.0 = Debug|Win32
		{E46FC7DD-79CD-4869-9642-1F10920B4D13}.Release|x64.ActiveCfg = Release|x64
		{E46FC7DD-79CD-4869-9642-1F10920B4D13}.Release|x64.Build.0 = Release|x64
		{E46FC7DD-79CD-4869-9642-1F10920B4D13}.Release|x86.ActiveCfg = Release|Win32
		{E46FC7DD-79CD-4869-9642-1F10920B4D13}.Release|x86.Build.0 = Release|Win32
		{15742755-59EA-4EF7-BAA3-ED44E4C324A5}.Debug|x64.ActiveCfg = Debug|x64
		{15742755-59EA-4EF7-BAA3-ED44E4C324A5}.Debug|x64.Build.0 = Debug|x64
		{15742755-59EA-4EF7-BAA3-ED44E4C324A5}.Debug|x86.ActiveCfg = Debug|Win32
		{15742755-59EA-4EF7-BAA3-ED44E4C324A5}.Debug|x86.Build.0 = Debug|Win32
		{15742755-59EA-4EF7-BAA3-ED44E4C324A5}.Release|x64.ActiveCfg = Release|x64
		{15742755-59EA-4EF7-BAA3-ED44E4C324A5}.Release|x64.Build.0 = Release|x64
		{15742755-59EA-4EF7-BAA3-ED44E4C324A5}.Release|x86.ActiveCfg = Release|Win32
		{15742755-59EA-4EF7-BAA3-ED44E4C324A5}.Release|x86.Build.0 = Release|Win32
		{FD239D17-4A1A-4B8A-9D34-28643A8EB058}.Debug|x64.ActiveCfg = Debug|x64
		{FD239D17-4A1A-4B8A-9D34-28643A8EB058}.Debug|x64.Build.0 = Debug|x64
		{FD239D17-4A1A-4B8A-9D34-28643A8EB058}.Debug|x86.ActiveCfg = Debug|Win32
		{FD239D17-4A1A-4B8A-9D34-28643A8EB058}.Debug|x86.Build.0 = Debug|Win32
		{FD239D17-4A1A-4B8A-9D34-28643A8EB058}.Release|x64.ActiveCfg = Release|x64
		{FD239D17-4A1A-4B8A-9D34-28643A8EB058}.Release|x64.Build.0 = Release|x64
		{FD239D17-4A1A-4B8A-9D34-28643A8EB058}.Release|x86.ActiveCfg = Release|Win32
		{FD239D17-4A1A-4B8A-9D34-28643A8EB058}.Release|x86.Build.0 = Release|Win32
		{591E3A90-14CC-4A67-B109-18885D326419}.Debug|x64.ActiveCfg = Debug|x64
		{591E3A90-14CC-4A67-B109-18885D326419}.Debug|x64.Build.0 = Debug|x64
		{591E3A90-14CC-4A67-B109-18885D326419}.Debug|x86.ActiveCfg = Debug|Win32
		{591E3A90-14CC-4A67-B109-18885D326419}.Debug|x86.Build.0 = Debug|Win32
		{591E3A90-14CC-4A67-B109-18885D326419}.Release|x64.ActiveCfg = Release|x64
		{591E3A90-14CC-4A67-B109-18885D326419}.Release|x64.Build.0 = Release|x64
		{591E3A90-14CC-4A67-B109-18885D326419}.Release|x86.ActiveCfg = Release|Win32
		{591E3A90-14CC-4A67-B109-18885D326419}.Release|x86.Build.0 = Release|Win32
		{F0CF17C1-FF5A-44FD-AE02-26DB5C860763}.Debug|x64.ActiveCfg = Debug|x64
		{F0CF17C1-FF5A-44FD-AE02-26DB5C860763}.Debug|x64.Build.0 = Debug|x64
		{F0CF17C1-FF5A-44FD-AE02-26DB5C860763}.Debug|x86.ActiveCfg = Debug|Win32
		{F0CF17C1-FF5A-44FD-AE02-26DB5C860763}.Debug|x86.Build.0 = Debug|Win32
		{F0CF17C1-FF5A-44FD-AE02-26DB5C860763}.Release|x64.ActiveCfg = Release|x64
		{F0CF17C1-FF5A-44FD-AE02-26DB5C860763}.Release|x64.Build.0 = Release|x64
		{F0CF17C1-FF5A-44FD-AE02-26DB5C860763}.Release|x86.ActiveCfg = Release|Win32
		{F0CF17C1-FF5A-44FD-AE02-26DB5C860763}.Release|x86.Build.0 = Release|Win32
		{576FE53C-A46A-4A10-826F-D97978C073AC}.Debug|x64.ActiveCfg = Debug|x64
		{576FE53C-A46A-4A10-826F-D97978C073AC}.Debug|x64.Build.0 = Debug|x64
		{576FE53C-A46A-4A10-826F-D97978C073AC}.Debug|x86.ActiveCfg = Debug|Win32
		{576FE53C-A46A-4A10-826F-D97978C073AC}.Debug|x86.Build.0 = Debug|Win32
		{576FE53C-A46A-4A10-826F-D97978C073AC}.Release|x64.ActiveCfg = Release|x64
		{576FE53C-A46A-4A10-826F-D97978C073AC}.Release|x64.Build.0 = Release|x64
		{576FE53C-A46A-4A10-826F-D97978C073AC}.Release|x86.ActiveCfg = Release|Win32
		{576FE53C-A46A-4A10-826F-D97978C073AC}.Release|x86.Build.0 = Release|Win32
		{F9494847-99D2-4EB5-AD1A-A89793112BE6}.Debug|x64.ActiveCfg = Debug|x64
		{F9494847-99D2-4EB5-AD1A-A89793112BE6}.Debug|x64.Build.0 = Debug|x64
		{F9494847-99D2-4EB5-AD1A-A89793112BE6}.Debug|x86.ActiveCfg = Debug|Win32
		{F9494847-99D2-4EB5-AD1A-A89793112BE6}.Debug|x86.Build.0 = Debug|Win32
		{F9494847-99D2-4EB5-AD1A-A89793112BE6}.Release|x64.ActiveCfg = Release|x64
		{F9494847-99D2-4EB5-AD1A-A89793112BE6}.Release|x64.Build.0 = Release|x64
		{F9494847-99D2-4EB5-AD1A-A89793112BE6}.Release|x86.ActiveCfg = Release|Win32
		{F9494847-99D2-4EB5-AD1A-A89793112BE6}.Release|x86.Build.0 = Release|Win32
		{A7557D58-D874-49D0-82EE-7241069D4E82}.Debug|x64.ActiveCfg = Debug|x64
		{A7557D58-D874-49D0-82EE-7241069D4E82}.Debug|x64.Build.0 = Debug|x64
		{A7557D58-D874-49D0-82EE-7241069D4E82}.Debug|x86.ActiveCfg = Debug|Win32
		{A7557D58-D874-49D0-82EE-7241069D4E82}.Debug|x86.Build.0 = Debug|Win32
		{A7557D58-D874-49D0-82EE-7241069D4E82}.Release|x64.ActiveCfg = Release|x64
		{A7557D58-D874-49D0-82EE-7241069D4E82}.Release|x64.Build.0 = Release|x64
		{A7557D58-D874-49D0-82EE-7241069D4E82}.Release|x86.ActiveCfg = Release|Win32
		{A7557D58-D874-49D0-82EE-7241069D4E82}.Release|x86.Build.0 = Release|Win32
		{04321B0D-3E43-48D4-B14F-E04383C97762}.Debug|x64.ActiveCfg = Debug|x64
		{04321B0D-3E43-48D4-B14F-E04383C97762}.Debug|x64.Build.0 = Debug|x64
		{04321B0D-3E43-48D4-B14F-E04383C97762}.Debug|x86.ActiveCfg = Debug|Win32
		{04321B0D-3E43-48D4-B14F-E04383C97762}.Debug|x86.Build.0 = Debug|Win32
		{04321B0D-3E43-48D4-B14F-E04383C97762}.Release|x64.ActiveCfg = Release|x64
		{04321B0D-3E43-48D4-B14F-E04383C97762}.Release|x64.Build.0 = Release|x64
		{04321B0D-3E43-48D4-B14F-E04383C97762}.Release|x86.ActiveCfg = Release|Win32
		{04321B0D-3E43-48D4-B14F-E04383C97762}.Release|x86.Build.0 = Release|Win32
		{3BA9E705-90E3-40EF-B68E-30AEC76408FB}.Debug|x64.ActiveCfg = Debug|x64
		{3BA9E705-90E3-40EF-B68E-30AEC76408FB}.Debug|x64.Build.0 = Debug|x64
		{3BA9E705-90E3-40EF-B68E-30AEC76408FB}.Debug|x86.ActiveCfg = Debug|Win32
		{3BA9E705-90E3-40EF-B68E-30AEC76408FB}.Debug|x86.Build.0 = Debug|Win32
		{3BA9E705-90E3-40EF-B68E-30AEC76408FB}.Release|x64.ActiveCfg = Release|x64
		{3BA9E705-90E3-40EF-B68E-30AEC76408FB}.Release|x64.Build.0 = Release|x64
		{3BA9E705-90E3-40EF-B68E-30AEC76408FB}.Release|x86.ActiveCfg = Release|Win32
		{3BA9E705-90E3-40EF-B68E-30AEC76408FB}.Release|x86.Build.0 = Release|Win32
	EndGlobalSection
	GlobalSection(SolutionProperties) = preSolution
		HideSolutionNode = FALSE
	EndGlobalSection
	GlobalSection(ExtensibilityGlobals) = postSolution
		SolutionGuid = {E0F4A3E2-35E1-4C36-AFF1-CFCE59961321}
	EndGlobalSection
EndGlobal
