<?xml version="1.0" encoding="utf-8"?>
<Project ToolsVersion="4.0" xmlns="http://schemas.microsoft.com/developer/msbuild/2003">
  <ItemGroup>
    <Filter Include="源文件">
      <UniqueIdentifier>{4FC737F1-C7A5-4376-A066-2A32D752A2FF}</UniqueIdentifier>
      <Extensions>cpp;c;cc;cxx;def;odl;idl;hpj;bat;asm;asmx</Extensions>
    </Filter>
    <Filter Include="头文件">
      <UniqueIdentifier>{93995380-89BD-4b04-88EB-625FBE52EBFB}</UniqueIdentifier>
      <Extensions>h;hh;hpp;hxx;hm;inl;inc;ipp;xsd</Extensions>
    </Filter>
    <Filter Include="资源文件">
      <UniqueIdentifier>{67DA6AB6-F800-4c08-8B7A-83BB121AAD01}</UniqueIdentifier>
      <Extensions>rc;ico;cur;bmp;dlg;rc2;rct;bin;rgs;gif;jpg;jpeg;jpe;resx;tiff;tif;png;wav;mfcribbon-ms</Extensions>
    </Filter>
    <Filter Include="note">
      <UniqueIdentifier>{e828f866-e089-407e-999e-98b509ae2187}</UniqueIdentifier>
    </Filter>
    <Filter Include="note\images">
      <UniqueIdentifier>{a3a70519-e72c-4ca0-b30f-f6b74b6049e3}</UniqueIdentifier>
    </Filter>
  </ItemGroup>
  <ItemGroup>
    <ClInclude Include="0707. Design Linked List.h">
      <Filter>头文件</Filter>
    </ClInclude>
  </ItemGroup>
  <ItemGroup>
    <ClCompile Include="TEST.cpp">
      <Filter>源文件</Filter>
    </ClCompile>
  </ItemGroup>
  <ItemGroup>
    <None Include="note\README.md">
      <Filter>note</Filter>
    </None>
  </ItemGroup>
  <ItemGroup>
    <Image Include="note\images\01_private_variate_and_construction.png">
      <Filter>note\images</Filter>
    </Image>
    <Image Include="note\images\02_original_linked_list.png">
      <Filter>note\images</Filter>
    </Image>
    <Image Include="note\images\03_get().png">
      <Filter>note\images</Filter>
    </Image>
    <Image Include="note\images\04_addAtHead().png">
      <Filter>note\images</Filter>
    </Image>
    <Image Include="note\images\05_addAtIndex().png">
      <Filter>note\images</Filter>
    </Image>
    <Image Include="note\images\06_deleteAtIndex(0).png">
      <Filter>note\images</Filter>
    </Image>
    <Image Include="note\images\07_deleteAtIndex(2).png">
      <Filter>note\images</Filter>
    </Image>
  </ItemGroup>
</Project>